
Microsoft Visual Studio Solution File, Format Version 12.00
# Visual Studio 2013
VisualStudioVersion = 12.0.31101.0
MinimumVisualStudioVersion = 10.0.40219.1
Project("{FAE04EC0-301F-11D3-BF4B-00C04F79EFBC}") = "klemag_hyleiv_PG4500_Innlevering2", "klemag_hyleiv_PG4500_Innlevering2.csproj", "{AD5CF6AE-DD1E-4F6A-AD52-098EAB6F5E3B}"
EndProject
Project("{FAE04EC0-301F-11D3-BF4B-00C04F79EFBC}") = "ConsolePathfinding", "ConsolePathfinding\ConsolePathfinding.csproj", "{261888BF-3271-42AB-A199-F1F3CDC77336}"
EndProject
Global
	GlobalSection(SolutionConfigurationPlatforms) = preSolution
		Debug|Any CPU = Debug|Any CPU
		Release|Any CPU = Release|Any CPU
	EndGlobalSection
	GlobalSection(ProjectConfigurationPlatforms) = postSolution
		{AD5CF6AE-DD1E-4F6A-AD52-098EAB6F5E3B}.Debug|Any CPU.ActiveCfg = Debug|Any CPU
		{AD5CF6AE-DD1E-4F6A-AD52-098EAB6F5E3B}.Debug|Any CPU.Build.0 = Debug|Any CPU
		{AD5CF6AE-DD1E-4F6A-AD52-098EAB6F5E3B}.Release|Any CPU.ActiveCfg = Release|Any CPU
		{AD5CF6AE-DD1E-4F6A-AD52-098EAB6F5E3B}.Release|Any CPU.Build.0 = Release|Any CPU
		{261888BF-3271-42AB-A199-F1F3CDC77336}.Debug|Any CPU.ActiveCfg = Debug|Any CPU
		{261888BF-3271-42AB-A199-F1F3CDC77336}.Debug|Any CPU.Build.0 = Debug|Any CPU
		{261888BF-3271-42AB-A199-F1F3CDC77336}.Release|Any CPU.ActiveCfg = Release|Any CPU
		{261888BF-3271-42AB-A199-F1F3CDC77336}.Release|Any CPU.Build.0 = Release|Any CPU
	EndGlobalSection
	GlobalSection(SolutionProperties) = preSolution
		HideSolutionNode = FALSE
	EndGlobalSection
EndGlobal
